{
    "name": "portfolio-website",
    "version": "1.0.0",
    "lockfileVersion": 2,
    "requires": true,
    "dependencies": {
      "cors": {
        "version": "2.8.5",
        "resolved": "https://registry.npmjs.org/cors/-/cors-2.8.5.tgz",
        "integrity": "sha512-KYmKEirX+9NFFtm4BEFxro3XCVSC5b1ih2fHgQ7p/3jQkyp8gbMt2jsA1VJNTn0hjqWhEUmX/9U2SkYkSu9SDg==",
        "requires": {
          "object-assign": "^4.1.0"
        }
      },
      "dotenv": {
        "version": "16.4.7",
        "resolved": "https://registry.npmjs.org/dotenv/-/dotenv